
Microsoft Visual Studio Solution File, Format Version 12.00
# Visual Studio Version 17
VisualStudioVersion = 17.9.34728.123
MinimumVisualStudioVersion = 10.0.40219.1
Project("{9A19103F-16F7-4668-BE54-9A1E7A4F7556}") = "PosgradoAPI", "PosgradoAPI\PosgradoAPI.csproj", "{7D79BF6A-0788-4353-849C-F17A5E550B7C}"
EndProject
Project("{FAE04EC0-301F-11D3-BF4B-00C04F79EFBC}") = "UnitTest13", "UnitTest13\UnitTest13.csproj", "{053930F6-4610-4C9D-AA5D-B26BE78AD7A7}"
EndProject
Global
	GlobalSection(SolutionConfigurationPlatforms) = preSolution
		Debug|Any CPU = Debug|Any CPU
		Release|Any CPU = Release|Any CPU
	EndGlobalSection
	GlobalSection(ProjectConfigurationPlatforms) = postSolution
		{7D79BF6A-0788-4353-849C-F17A5E550B7C}.Debug|Any CPU.ActiveCfg = Debug|Any CPU
		{7D79BF6A-0788-4353-849C-F17A5E550B7C}.Debug|Any CPU.Build.0 = Debug|Any CPU
		{7D79BF6A-0788-4353-849C-F17A5E550B7C}.Release|Any CPU.ActiveCfg = Release|Any CPU
		{7D79BF6A-0788-4353-849C-F17A5E550B7C}.Release|Any CPU.Build.0 = Release|Any CPU
		{053930F6-4610-4C9D-AA5D-B26BE78AD7A7}.Debug|Any CPU.ActiveCfg = Debug|Any CPU
		{053930F6-4610-4C9D-AA5D-B26BE78AD7A7}.Debug|Any CPU.Build.0 = Debug|Any CPU
		{053930F6-4610-4C9D-AA5D-B26BE78AD7A7}.Release|Any CPU.ActiveCfg = Release|Any CPU
		{053930F6-4610-4C9D-AA5D-B26BE78AD7A7}.Release|Any CPU.Build.0 = Release|Any CPU
	EndGlobalSection
	GlobalSection(SolutionProperties) = preSolution
		HideSolutionNode = FALSE
	EndGlobalSection
	GlobalSection(ExtensibilityGlobals) = postSolution
		SolutionGuid = {8FA24EAE-C76C-4C9D-A393-001FEA3A3675}
	EndGlobalSection
EndGlobal
